
Microsoft Visual Studio Solution File, Format Version 12.00
# Visual Studio Version 17
VisualStudioVersion = 17.8.34330.188
MinimumVisualStudioVersion = 10.0.40219.1
Project("{9A19103F-16F7-4668-BE54-9A1E7A4F7556}") = "R34.Downloader.UI.Windows", "R34.Downloader.UI.Windows\R34.Downloader.UI.Windows.csproj", "{5CDB0AEC-F08E-40AC-9C29-8DEFF96B6849}"
EndProject
Project("{9A19103F-16F7-4668-BE54-9A1E7A4F7556}") = "R34.Downloader.Application", "R34.Downloader.Application\R34.Downloader.Application.csproj", "{5F2B5D9B-ED6B-4584-9463-F7F79DE65E96}"
EndProject
Project("{9A19103F-16F7-4668-BE54-9A1E7A4F7556}") = "R34.Downloader.Domain", "R34.Downloader.Domain\R34.Downloader.Domain.csproj", "{993C4EF5-7CC2-4598-88CD-7CAD7A238947}"
EndProject
Global
	GlobalSection(SolutionConfigurationPlatforms) = preSolution
		Debug|Any CPU = Debug|Any CPU
		Release|Any CPU = Release|Any CPU
	EndGlobalSection
	GlobalSection(ProjectConfigurationPlatforms) = postSolution
		{5CDB0AEC-F08E-40AC-9C29-8DEFF96B6849}.Debug|Any CPU.ActiveCfg = Debug|Any CPU
		{5CDB0AEC-F08E-40AC-9C29-8DEFF96B6849}.Debug|Any CPU.Build.0 = Debug|Any CPU
		{5CDB0AEC-F08E-40AC-9C29-8DEFF96B6849}.Release|Any CPU.ActiveCfg = Release|Any CPU
		{5CDB0AEC-F08E-40AC-9C29-8DEFF96B6849}.Release|Any CPU.Build.0 = Release|Any CPU
		{5F2B5D9B-ED6B-4584-9463-F7F79DE65E96}.Debug|Any CPU.ActiveCfg = Debug|Any CPU
		{5F2B5D9B-ED6B-4584-9463-F7F79DE65E96}.Debug|Any CPU.Build.0 = Debug|Any CPU
		{5F2B5D9B-ED6B-4584-9463-F7F79DE65E96}.Release|Any CPU.ActiveCfg = Release|Any CPU
		{5F2B5D9B-ED6B-4584-9463-F7F79DE65E96}.Release|Any CPU.Build.0 = Release|Any CPU
		{993C4EF5-7CC2-4598-88CD-7CAD7A238947}.Debug|Any CPU.ActiveCfg = Debug|Any CPU
		{993C4EF5-7CC2-4598-88CD-7CAD7A238947}.Debug|Any CPU.Build.0 = Debug|Any CPU
		{993C4EF5-7CC2-4598-88CD-7CAD7A238947}.Release|Any CPU.ActiveCfg = Release|Any CPU
		{993C4EF5-7CC2-4598-88CD-7CAD7A238947}.Release|Any CPU.Build.0 = Release|Any CPU
	EndGlobalSection
	GlobalSection(SolutionProperties) = preSolution
		HideSolutionNode = FALSE
	EndGlobalSection
	GlobalSection(ExtensibilityGlobals) = postSolution
		SolutionGuid = {5C5C0F7B-E86A-4E99-864C-EB102F428EC4}
	EndGlobalSection
EndGlobal
