
Microsoft Visual Studio Solution File, Format Version 12.00
# Visual Studio Version 17
VisualStudioVersion = 17.4.33403.182
MinimumVisualStudioVersion = 10.0.40219.1
Project("{FAE04EC0-301F-11D3-BF4B-00C04F79EFBC}") = "R34Downloader", "Rule34.xxx Downloader\R34Downloader.csproj", "{8E3441DC-F4B5-44AF-85F2-D9058FD451F2}"
EndProject
Global
	GlobalSection(SolutionConfigurationPlatforms) = preSolution
		Debug|Any CPU = Debug|Any CPU
		Release|Any CPU = Release|Any CPU
	EndGlobalSection
	GlobalSection(ProjectConfigurationPlatforms) = postSolution
		{8E3441DC-F4B5-44AF-85F2-D9058FD451F2}.Debug|Any CPU.ActiveCfg = Debug|Any CPU
		{8E3441DC-F4B5-44AF-85F2-D9058FD451F2}.Debug|Any CPU.Build.0 = Debug|Any CPU
		{8E3441DC-F4B5-44AF-85F2-D9058FD451F2}.Release|Any CPU.ActiveCfg = Release|Any CPU
		{8E3441DC-F4B5-44AF-85F2-D9058FD451F2}.Release|Any CPU.Build.0 = Release|Any CPU
	EndGlobalSection
	GlobalSection(SolutionProperties) = preSolution
		HideSolutionNode = FALSE
	EndGlobalSection
	GlobalSection(ExtensibilityGlobals) = postSolution
		SolutionGuid = {BF541C8D-940C-45C6-98D3-EBC9607E1CB5}
	EndGlobalSection
EndGlobal
